<?xml version="1.0" encoding="utf-8"?>
<Project ToolsVersion="4.0" xmlns="http://schemas.microsoft.com/developer/msbuild/2003">
  <ItemGroup>
    <Filter Include="Source Files">
      <UniqueIdentifier>{4FC737F1-C7A5-4376-A066-2A32D752A2FF}</UniqueIdentifier>
      <Extensions>cpp;c;cc;cxx;c++;cppm;ixx;def;odl;idl;hpj;bat;asm;asmx</Extensions>
    </Filter>
    <Filter Include="Header Files">
      <UniqueIdentifier>{93995380-89BD-4b04-88EB-625FBE52EBFB}</UniqueIdentifier>
      <Extensions>h;hh;hpp;hxx;h++;hm;inl;inc;ipp;xsd</Extensions>
    </Filter>
    <Filter Include="Resource Files">
      <UniqueIdentifier>{67DA6AB6-F800-4c08-8B7A-83BB121AAD01}</UniqueIdentifier>
      <Extensions>rc;ico;cur;bmp;dlg;rc2;rct;bin;rgs;gif;jpg;jpeg;jpe;resx;tiff;tif;png;wav;mfcribbon-ms</Extensions>
    </Filter>
  </ItemGroup>
  <ItemGroup>
    <ClInclude Include="action.h">
      <Filter>Header Files</Filter>
    </ClInclude>
    <ClInclude Include="button.h">
      <Filter>Header Files</Filter>
    </ClInclude>
    <ClInclude Include="ddraw.h">
      <Filter>Header Files</Filter>
    </ClInclude>
    <ClInclude Include="ddutil.h">
      <Filter>Header Files</Filter>
    </ClInclude>
    <ClInclude Include="decor.h">
      <Filter>Header Files</Filter>
    </ClInclude>
    <ClInclude Include="def.h">
      <Filter>Header Files</Filter>
    </ClInclude>
    <ClInclude Include="dplay.h">
      <Filter>Header Files</Filter>
    </ClInclude>
    <ClInclude Include="dsound.h">
      <Filter>Header Files</Filter>
    </ClInclude>
    <ClInclude Include="event.h">
      <Filter>Header Files</Filter>
    </ClInclude>
    <ClInclude Include="fifo.h">
      <Filter>Header Files</Filter>
    </ClInclude>
    <ClInclude Include="jauge.h">
      <Filter>Header Files</Filter>
    </ClInclude>
    <ClInclude Include="menu.h">
      <Filter>Header Files</Filter>
    </ClInclude>
    <ClInclude Include="misc.h">
      <Filter>Header Files</Filter>
    </ClInclude>
    <ClInclude Include="movie.h">
      <Filter>Header Files</Filter>
    </ClInclude>
    <ClInclude Include="network.h">
      <Filter>Header Files</Filter>
    </ClInclude>
    <ClInclude Include="pixmap.h">
      <Filter>Header Files</Filter>
    </ClInclude>
    <ClInclude Include="resource.h">
      <Filter>Header Files</Filter>
    </ClInclude>
    <ClInclude Include="sound.h">
      <Filter>Header Files</Filter>
    </ClInclude>
    <ClInclude Include="text.h">
      <Filter>Header Files</Filter>
    </ClInclude>
    <ClInclude Include="wave.h">
      <Filter>Header Files</Filter>
    </ClInclude>
    <ClInclude Include="decmove.h">
      <Filter>Header Files</Filter>
    </ClInclude>
    <ClInclude Include="dectables.h">
      <Filter>Header Files</Filter>
    </ClInclude>
    <ClInclude Include="texttables.h">
      <Filter>Header Files</Filter>
    </ClInclude>
    <ClInclude Include="resource1.h">
      <Filter>Header Files</Filter>
    </ClInclude>
  </ItemGroup>
  <ItemGroup>
    <ClCompile Include="blupi.cpp">
      <Filter>Source Files</Filter>
    </ClCompile>
    <ClCompile Include="button.cpp">
      <Filter>Source Files</Filter>
    </ClCompile>
    <ClCompile Include="ddutil.cpp">
      <Filter>Source Files</Filter>
    </ClCompile>
    <ClCompile Include="decblupi.cpp">
      <Filter>Source Files</Filter>
    </ClCompile>
    <ClCompile Include="decor.cpp">
      <Filter>Source Files</Filter>
    </ClCompile>
    <ClCompile Include="event.cpp">
      <Filter>Source Files</Filter>
    </ClCompile>
    <ClCompile Include="jauge.cpp">
      <Filter>Source Files</Filter>
    </ClCompile>
    <ClCompile Include="menu.cpp">
      <Filter>Source Files</Filter>
    </ClCompile>
    <ClCompile Include="misc.cpp">
      <Filter>Source Files</Filter>
    </ClCompile>
    <ClCompile Include="movie.cpp">
      <Filter>Source Files</Filter>
    </ClCompile>
    <ClCompile Include="network.cpp">
      <Filter>Source Files</Filter>
    </ClCompile>
    <ClCompile Include="pixmap.cpp">
      <Filter>Source Files</Filter>
    </ClCompile>
    <ClCompile Include="sound.cpp">
      <Filter>Source Files</Filter>
    </ClCompile>
    <ClCompile Include="text.cpp">
      <Filter>Source Files</Filter>
    </ClCompile>
    <ClCompile Include="wave.cpp">
      <Filter>Source Files</Filter>
    </ClCompile>
  </ItemGroup>
  <ItemGroup>
    <ResourceCompile Include="..\..\..\..\Music\StringTable.rc">
      <Filter>Resource Files</Filter>
    </ResourceCompile>
    <ResourceCompile Include="Eggbert2.rc">
      <Filter>Resource Files</Filter>
    </ResourceCompile>
  </ItemGroup>
  <ItemGroup>
    <None Include="cursor1.cur">
      <Filter>Resource Files</Filter>
    </None>
    <None Include="IDC_ARROW.cur">
      <Filter>Resource Files</Filter>
    </None>
    <None Include="IDC_ARROWD.cur">
      <Filter>Resource Files</Filter>
    </None>
    <None Include="IDC_ARROWDL.cur">
      <Filter>Resource Files</Filter>
    </None>
    <None Include="IDC_ARROWDR.cur">
      <Filter>Resource Files</Filter>
    </None>
    <None Include="IDC_ARROWL.cur">
      <Filter>Resource Files</Filter>
    </None>
    <None Include="IDC_ARROWR.cur">
      <Filter>Resource Files</Filter>
    </None>
    <None Include="IDC_ARROWU.cur">
      <Filter>Resource Files</Filter>
    </None>
    <None Include="IDC_ARROWUL.cur">
      <Filter>Resource Files</Filter>
    </None>
    <None Include="IDC_ARROWUR.cur">
      <Filter>Resource Files</Filter>
    </None>
    <None Include="IDC_EMPTY.cur">
      <Filter>Resource Files</Filter>
    </None>
    <None Include="IDC_FILL.cur">
      <Filter>Resource Files</Filter>
    </None>
    <None Include="IDC_MAP.cur">
      <Filter>Resource Files</Filter>
    </None>
    <None Include="IDC_POINTER.cur">
      <Filter>Resource Files</Filter>
    </None>
    <None Include="IDC_WAIT.cur">
      <Filter>Resource Files</Filter>
    </None>
  </ItemGroup>
  <ItemGroup>
    <Image Include="IDR_MAINFRAME.ico">
      <Filter>Resource Files</Filter>
    </Image>
  </ItemGroup>
</Project>