<?xml version="1.0" encoding="utf-8"?>
<Project ToolsVersion="4.0" xmlns="http://schemas.microsoft.com/developer/msbuild/2003">
  <ItemGroup>
    <Filter Include="Source Files">
      <UniqueIdentifier>{4FC737F1-C7A5-4376-A066-2A32D752A2FF}</UniqueIdentifier>
      <Extensions>cpp;c;cc;cxx;c++;cppm;ixx;def;odl;idl;hpj;bat;asm;asmx</Extensions>
    </Filter>
    <Filter Include="Header Files">
      <UniqueIdentifier>{93995380-89BD-4b04-88EB-625FBE52EBFB}</UniqueIdentifier>
      <Extensions>h;hh;hpp;hxx;h++;hm;inl;inc;ipp;xsd</Extensions>
    </Filter>
    <Filter Include="Resource Files">
      <UniqueIdentifier>{67DA6AB6-F800-4c08-8B7A-83BB121AAD01}</UniqueIdentifier>
      <Extensions>rc;ico;cur;bmp;dlg;rc2;rct;bin;rgs;gif;jpg;jpeg;jpe;resx;tiff;tif;png;wav;mfcribbon-ms</Extensions>
    </Filter>
    <Filter Include="Data">
      <UniqueIdentifier>{0ff9ef1b-78f1-41d7-9a2b-813cedd6907d}</UniqueIdentifier>
    </Filter>
  </ItemGroup>
  <ItemGroup>
    <None Include="Debug\DATA\config.def">
      <Filter>Data</Filter>
    </None>
    <None Include="resource\IDC_FILL.cur">
      <Filter>Resource Files</Filter>
    </None>
    <None Include="resource\IDC_MAP.cur">
      <Filter>Resource Files</Filter>
    </None>
    <None Include="resource\IDC_POINTER.cur">
      <Filter>Resource Files</Filter>
    </None>
    <None Include="resource\IDC_WAIT.cur">
      <Filter>Resource Files</Filter>
    </None>
    <None Include="resource\IDC_ARROW.cur">
      <Filter>Resource Files</Filter>
    </None>
    <None Include="resource\IDC_ARROWD.cur">
      <Filter>Resource Files</Filter>
    </None>
    <None Include="resource\IDC_ARROWDL.cur">
      <Filter>Resource Files</Filter>
    </None>
    <None Include="resource\IDC_ARROWDR.cur">
      <Filter>Resource Files</Filter>
    </None>
    <None Include="resource\IDC_ARROWL.cur">
      <Filter>Resource Files</Filter>
    </None>
    <None Include="resource\IDC_ARROWR.cur">
      <Filter>Resource Files</Filter>
    </None>
    <None Include="resource\IDC_ARROWU.cur">
      <Filter>Resource Files</Filter>
    </None>
    <None Include="resource\IDC_ARROWUL.cur">
      <Filter>Resource Files</Filter>
    </None>
    <None Include="resource\IDC_ARROWUR.cur">
      <Filter>Resource Files</Filter>
    </None>
    <None Include="resource\IDC_EMPTY.cur">
      <Filter>Resource Files</Filter>
    </None>
  </ItemGroup>
  <ItemGroup>
    <ClCompile Include="src\blupi.cpp">
      <Filter>Source Files</Filter>
    </ClCompile>
    <ClCompile Include="src\button.cpp">
      <Filter>Source Files</Filter>
    </ClCompile>
    <ClCompile Include="src\ddutil.cpp">
      <Filter>Source Files</Filter>
    </ClCompile>
    <ClCompile Include="src\decblupi.cpp">
      <Filter>Source Files</Filter>
    </ClCompile>
    <ClCompile Include="src\decor.cpp">
      <Filter>Source Files</Filter>
    </ClCompile>
    <ClCompile Include="src\dectables.cpp">
      <Filter>Source Files</Filter>
    </ClCompile>
    <ClCompile Include="src\event.cpp">
      <Filter>Source Files</Filter>
    </ClCompile>
    <ClCompile Include="src\jauge.cpp">
      <Filter>Source Files</Filter>
    </ClCompile>
    <ClCompile Include="src\menu.cpp">
      <Filter>Source Files</Filter>
    </ClCompile>
    <ClCompile Include="src\misc.cpp">
      <Filter>Source Files</Filter>
    </ClCompile>
    <ClCompile Include="src\movie.cpp">
      <Filter>Source Files</Filter>
    </ClCompile>
    <ClCompile Include="src\network.cpp">
      <Filter>Source Files</Filter>
    </ClCompile>
    <ClCompile Include="src\pixmap.cpp">
      <Filter>Source Files</Filter>
    </ClCompile>
    <ClCompile Include="src\sound.cpp">
      <Filter>Source Files</Filter>
    </ClCompile>
    <ClCompile Include="src\text.cpp">
      <Filter>Source Files</Filter>
    </ClCompile>
    <ClCompile Include="src\wave.cpp">
      <Filter>Source Files</Filter>
    </ClCompile>
  </ItemGroup>
  <ItemGroup>
    <ClInclude Include="src\button.h">
      <Filter>Source Files</Filter>
    </ClInclude>
    <ClInclude Include="src\ddutil.h">
      <Filter>Source Files</Filter>
    </ClInclude>
    <ClInclude Include="src\decmove.h">
      <Filter>Source Files</Filter>
    </ClInclude>
    <ClInclude Include="src\decor.h">
      <Filter>Source Files</Filter>
    </ClInclude>
    <ClInclude Include="src\dectables.h">
      <Filter>Source Files</Filter>
    </ClInclude>
    <ClInclude Include="src\def.h">
      <Filter>Source Files</Filter>
    </ClInclude>
    <ClInclude Include="src\event.h">
      <Filter>Source Files</Filter>
    </ClInclude>
    <ClInclude Include="src\fifo.h">
      <Filter>Source Files</Filter>
    </ClInclude>
    <ClInclude Include="src\jauge.h">
      <Filter>Source Files</Filter>
    </ClInclude>
    <ClInclude Include="src\menu.h">
      <Filter>Source Files</Filter>
    </ClInclude>
    <ClInclude Include="src\misc.h">
      <Filter>Source Files</Filter>
    </ClInclude>
    <ClInclude Include="src\movie.h">
      <Filter>Source Files</Filter>
    </ClInclude>
    <ClInclude Include="src\network.h">
      <Filter>Source Files</Filter>
    </ClInclude>
    <ClInclude Include="src\pixmap.h">
      <Filter>Source Files</Filter>
    </ClInclude>
    <ClInclude Include="src\sound.h">
      <Filter>Source Files</Filter>
    </ClInclude>
    <ClInclude Include="src\text.h">
      <Filter>Source Files</Filter>
    </ClInclude>
    <ClInclude Include="src\texttables.h">
      <Filter>Source Files</Filter>
    </ClInclude>
    <ClInclude Include="src\wave.h">
      <Filter>Source Files</Filter>
    </ClInclude>
    <ClInclude Include="src\action.h">
      <Filter>Source Files</Filter>
    </ClInclude>
    <ClInclude Include="src\actions.h">
      <Filter>Source Files</Filter>
    </ClInclude>
    <ClInclude Include="src\resource.h">
      <Filter>Source Files</Filter>
    </ClInclude>
    <ClInclude Include="src\resource1.h">
      <Filter>Source Files</Filter>
    </ClInclude>
  </ItemGroup>
  <ItemGroup>
    <Image Include="resource\IDR_MAINFRAME.ico">
      <Filter>Resource Files</Filter>
    </Image>
  </ItemGroup>
  <ItemGroup>
    <ResourceCompile Include="resource\Eggbert2.rc">
      <Filter>Resource Files</Filter>
    </ResourceCompile>
  </ItemGroup>
</Project>